// !$*UTF8*$!
{
	archiveVersion = 1;
	classes = {
	};
	objectVersion = 46;
	objects = {

/* Begin PBXBuildFile section */
		6E4420E31F1E6B520053DFAD /* AppDelegate.swift in Sources */ = {isa = PBXBuildFile; fileRef = 6E4420E21F1E6B520053DFAD /* AppDelegate.swift */; };
		6E4420E81F1E6B520053DFAD /* Main.storyboard in Resources */ = {isa = PBXBuildFile; fileRef = 6E4420E61F1E6B520053DFAD /* Main.storyboard */; };
		6E4420EA1F1E6B520053DFAD /* Assets.xcassets in Resources */ = {isa = PBXBuildFile; fileRef = 6E4420E91F1E6B520053DFAD /* Assets.xcassets */; };
		6E4420ED1F1E6B530053DFAD /* LaunchScreen.storyboard in Resources */ = {isa = PBXBuildFile; fileRef = 6E4420EB1F1E6B530053DFAD /* LaunchScreen.storyboard */; };
		6EE0BC811F2CF5820007BCD1 /* DialerVC.swift in Sources */ = {isa = PBXBuildFile; fileRef = 6EE0BC801F2CF5820007BCD1 /* DialerVC.swift */; };
		6EE0BC831F2D3C4A0007BCD1 /* cal.png in Resources */ = {isa = PBXBuildFile; fileRef = 6EE0BC821F2D3C4A0007BCD1 /* cal.png */; };
/* End PBXBuildFile section */

/* Begin PBXFileReference section */
		6E4420DF1F1E6B520053DFAD /* Dialer.app */ = {isa = PBXFileReference; explicitFileType = wrapper.application; includeInIndex = 0; path = Dialer.app; sourceTree = BUILT_PRODUCTS_DIR; };
		6E4420E21F1E6B520053DFAD /* AppDelegate.swift */ = {isa = PBXFileReference; lastKnownFileType = sourcecode.swift; path = AppDelegate.swift; sourceTree = "<group>"; };
		6E4420E71F1E6B520053DFAD /* Base */ = {isa = PBXFileReference; lastKnownFileType = file.storyboard; name = Base; path = Base.lproj/Main.storyboard; sourceTree = "<group>"; };
		6E4420E91F1E6B520053DFAD /* Assets.xcassets */ = {isa = PBXFileReference; lastKnownFileType = folder.assetcatalog; path = Assets.xcassets; sourceTree = "<group>"; };
		6E4420EC1F1E6B530053DFAD /* Base */ = {isa = PBXFileReference; lastKnownFileType = file.storyboard; name = Base; path = Base.lproj/LaunchScreen.storyboard; sourceTree = "<group>"; };
		6E4420EE1F1E6B530053DFAD /* Info.plist */ = {isa = PBXFileReference; lastKnownFileType = text.plist.xml; path = Info.plist; sourceTree = "<group>"; };
		6EE0BC801F2CF5820007BCD1 /* DialerVC.swift */ = {isa = PBXFileReference; fileEncoding = 4; lastKnownFileType = sourcecode.swift; path = DialerVC.swift; sourceTree = "<group>"; };
		6EE0BC821F2D3C4A0007BCD1 /* cal.png */ = {isa = PBXFileReference; lastKnownFileType = image.png; path = cal.png; sourceTree = "<group>"; };
/* End PBXFileReference section */

/* Begin PBXFrameworksBuildPhase section */
		6E4420DC1F1E6B520053DFAD /* Frameworks */ = {
			isa = PBXFrameworksBuildPhase;
			buildActionMask = 2147483647;
			files = (
			);
			runOnlyForDeploymentPostprocessing = 0;
		};
/* End PBXFrameworksBuildPhase section */

/* Begin PBXGroup section */
		6E4420D61F1E6B520053DFAD = {
			isa = PBXGroup;
			children = (
				6E4420E11F1E6B520053DFAD /* Dialer */,
				6E4420E01F1E6B520053DFAD /* Products */,
			);
			sourceTree = "<group>";
		};
		6E4420E01F1E6B520053DFAD /* Products */ = {
			isa = PBXGroup;
			children = (
				6E4420DF1F1E6B520053DFAD /* Dialer.app */,
			);
			name = Products;
			sourceTree = "<group>";
		};
		6E4420E11F1E6B520053DFAD /* Dialer */ = {
			isa = PBXGroup;
			children = (
				6EE0BC801F2CF5820007BCD1 /* DialerVC.swift */,
				6E4420E61F1E6B520053DFAD /* Main.storyboard */,
				6EE0BC7F1F2CEED60007BCD1 /* Supporting Files */,
			);
			path = Dialer;
			sourceTree = "<group>";
		};
		6EE0BC7F1F2CEED60007BCD1 /* Supporting Files */ = {
			isa = PBXGroup;
			children = (
				6E4420E21F1E6B520053DFAD /* AppDelegate.swift */,
				6E4420E91F1E6B520053DFAD /* Assets.xcassets */,
				6EE0BC821F2D3C4A0007BCD1 /* cal.png */,
				6E4420EB1F1E6B530053DFAD /* LaunchScreen.storyboard */,
				6E4420EE1F1E6B530053DFAD /* Info.plist */,
			);
			name = "Supporting Files";
			sourceTree = "<group>";
		};
/* End PBXGroup section */

/* Begin PBXNativeTarget section */
		6E4420DE1F1E6B520053DFAD /* Dialer */ = {
			isa = PBXNativeTarget;
			buildConfigurationList = 6E4420F11F1E6B530053DFAD /* Build configuration list for PBXNativeTarget "Dialer" */;
			buildPhases = (
				6E4420DB1F1E6B520053DFAD /* Sources */,
				6E4420DC1F1E6B520053DFAD /* Frameworks */,
				6E4420DD1F1E6B520053DFAD /* Resources */,
			);
			buildRules = (
			);
			dependencies = (
			);
			name = Dialer;
			productName = Dialer;
			productReference = 6E4420DF1F1E6B520053DFAD /* Dialer.app */;
			productType = "com.apple.product-type.application";
		};
/* End PBXNativeTarget section */

/* Begin PBXProject section */
		6E4420D71F1E6B520053DFAD /* Project object */ = {
			isa = PBXProject;
			attributes = {
				LastSwiftUpdateCheck = 0830;
				LastUpgradeCheck = 0830;
				ORGANIZATIONNAME = "Baskaran T";
				TargetAttributes = {
					6E4420DE1F1E6B520053DFAD = {
						CreatedOnToolsVersion = 8.3.3;
						ProvisioningStyle = Automatic;
					};
				};
			};
			buildConfigurationList = 6E4420DA1F1E6B520053DFAD /* Build configuration list for PBXProject "Dialer" */;
			compatibilityVersion = "Xcode 3.2";
			developmentRegion = English;
			hasScannedForEncodings = 0;
			knownRegions = (
				en,
				Base,
			);
			mainGroup = 6E4420D61F1E6B520053DFAD;
			productRefGroup = 6E4420E01F1E6B520053DFAD /* Products */;
			projectDirPath = "";
			projectRoot = "";
			targets = (
				6E4420DE1F1E6B520053DFAD /* Dialer */,
			);
		};
/* End PBXProject section */

/* Begin PBXResourcesBuildPhase section */
		6E4420DD1F1E6B520053DFAD /* Resources */ = {
			isa = PBXResourcesBuildPhase;
			buildActionMask = 2147483647;
			files = (
				6E4420ED1F1E6B530053DFAD /* LaunchScreen.storyboard in Resources */,
				6E4420EA1F1E6B520053DFAD /* Assets.xcassets in Resources */,
				6EE0BC831F2D3C4A0007BCD1 /* cal.png in Resources */,
				6E4420E81F1E6B520053DFAD /* Main.storyboard in Resources */,
			);
			runOnlyForDeploymentPostprocessing = 0;
		};
/* End PBXResourcesBuildPhase section */

/* Begin PBXSourcesBuildPhase section */
		6E4420DB1F1E6B520053DFAD /* Sources */ = {
			isa = PBXSourcesBuildPhase;
			buildActionMask = 2147483647;
			files = (
				6EE0BC811F2CF5820007BCD1 /* DialerVC.swift in Sources */,
				6E4420E31F1E6B520053DFAD /* AppDelegate.swift in Sources */,
			);
			runOnlyForDeploymentPostprocessing = 0;
		};
/* End PBXSourcesBuildPhase section */

/* Begin PBXVariantGroup section */
		6E4420E61F1E6B520053DFAD /* Main.storyboard */ = {
			isa = PBXVariantGroup;
			children = (
				6E4420E71F1E6B520053DFAD /* Base */,
			);
			name = Main.storyboard;
			sourceTree = "<group>";
		};
		6E4420EB1F1E6B530053DFAD /* LaunchScreen.storyboard */ = {
			isa = PBXVariantGroup;
			children = (
				6E4420EC1F1E6B530053DFAD /* Base */,
			);
			name = LaunchScreen.storyboard;
			sourceTree = "<group>";
		};
/* End PBXVariantGroup section */

/* Begin XCBuildConfiguration section */
		6E4420EF1F1E6B530053DFAD /* Debug */ = {
			isa = XCBuildConfiguration;
			buildSettings = {
				ALWAYS_SEARCH_USER_PATHS = NO;
				CLANG_ANALYZER_NONNULL = YES;
				CLANG_ANALYZER_NUMBER_OBJECT_CONVERSION = YES_AGGRESSIVE;
				CLANG_CXX_LANGUAGE_STANDARD = "gnu++0x";
				CLANG_CXX_LIBRARY = "libc++";
				CLANG_ENABLE_MODULES = YES;
				CLANG_ENABLE_OBJC_ARC = YES;
				CLANG_WARN_BOOL_CONVERSION = YES;
				CLANG_WARN_CONSTANT_CONVERSION = YES;
				CLANG_WARN_DIRECT_OBJC_ISA_USAGE = YES_ERROR;
				CLANG_WARN_DOCUMENTATION_COMMENTS = YES;
				CLANG_WARN_EMPTY_BODY = YES;
				CLANG_WARN_ENUM_CONVERSION = YES;
				CLANG_WARN_INFINITE_RECURSION = YES;
				CLANG_WARN_INT_CONVERSION = YES;
				CLANG_WARN_OBJC_ROOT_CLASS = YES_ERROR;
				CLANG_WARN_SUSPICIOUS_MOVE = YES;
				CLANG_WARN_UNREACHABLE_CODE = YES;
				CLANG_WARN__DUPLICATE_METHOD_MATCH = YES;
				"CODE_SIGN_IDENTITY[sdk=iphoneos*]" = "iPhone Developer";
				COPY_PHASE_STRIP = NO;
				DEBUG_INFORMATION_FORMAT = dwarf;
				ENABLE_STRICT_OBJC_MSGSEND = YES;
				ENABLE_TESTABILITY = YES;
				GCC_C_LANGUAGE_STANDARD = gnu99;
				GCC_DYNAMIC_NO_PIC = NO;
				GCC_NO_COMMON_BLOCKS = YES;
				GCC_OPTIMIZATION_LEVEL = 0;
				GCC_PREPROCESSOR_DEFINITIONS = (
					"DEBUG=1",
					"$(inherited)",
				);
				GCC_WARN_64_TO_32_BIT_CONVERSION = YES;
				GCC_WARN_ABOUT_RETURN_TYPE = YES_ERROR;
				GCC_WARN_UNDECLARED_SELECTOR = YES;
				GCC_WARN_UNINITIALIZED_AUTOS = YES_AGGRESSIVE;
				GCC_WARN_UNUSED_FUNCTION = YES;
				GCC_WARN_UNUSED_VARIABLE = YES;
				IPHONEOS_DEPLOYMENT_TARGET = 10.3;
				MTL_ENABLE_DEBUG_INFO = YES;
				ONLY_ACTIVE_ARCH = YES;
				SDKROOT = iphoneos;
				SWIFT_ACTIVE_COMPILATION_CONDITIONS = DEBUG;
				SWIFT_OPTIMIZATION_LEVEL = "-Onone";
				TARGETED_DEVICE_FAMILY = "1,2";
			};
			name = Debug;
		};
		6E4420F01F1E6B530053DFAD /* Release */ = {
			isa = XCBuildConfiguration;
			buildSettings = {
				ALWAYS_SEARCH_USER_PATHS = NO;
				CLANG_ANALYZER_NONNULL = YES;
				CLANG_ANALYZER_NUMBER_OBJECT_CONVERSION = YES_AGGRESSIVE;
				CLANG_CXX_LANGUAGE_STANDARD = "gnu++0x";
				CLANG_CXX_LIBRARY = "libc++";
				CLANG_ENABLE_MODULES = YES;
				CLANG_ENABLE_OBJC_ARC = YES;
				CLANG_WARN_BOOL_CONVERSION = YES;
				CLANG_WARN_CONSTANT_CONVERSION = YES;
				CLANG_WARN_DIRECT_OBJC_ISA_USAGE = YES_ERROR;
				CLANG_WARN_DOCUMENTATION_COMMENTS = YES;
				CLANG_WARN_EMPTY_BODY = YES;
				CLANG_WARN_ENUM_CONVERSION = YES;
				CLANG_WARN_INFINITE_RECURSION = YES;
				CLANG_WARN_INT_CONVERSION = YES;
				CLANG_WARN_OBJC_ROOT_CLASS = YES_ERROR;
				CLANG_WARN_SUSPICIOUS_MOVE = YES;
				CLANG_WARN_UNREACHABLE_CODE = YES;
				CLANG_WARN__DUPLICATE_METHOD_MATCH = YES;
				"CODE_SIGN_IDENTITY[sdk=iphoneos*]" = "iPhone Developer";
				COPY_PHASE_STRIP = NO;
				DEBUG_INFORMATION_FORMAT = "dwarf-with-dsym";
				ENABLE_NS_ASSERTIONS = NO;
				ENABLE_STRICT_OBJC_MSGSEND = YES;
				GCC_C_LANGUAGE_STANDARD = gnu99;
				GCC_NO_COMMON_BLOCKS = YES;
				GCC_WARN_64_TO_32_BIT_CONVERSION = YES;
				GCC_WARN_ABOUT_RETURN_TYPE = YES_ERROR;
				GCC_WARN_UNDECLARED_SELECTOR = YES;
				GCC_WARN_UNINITIALIZED_AUTOS = YES_AGGRESSIVE;
				GCC_WARN_UNUSED_FUNCTION = YES;
				GCC_WARN_UNUSED_VARIABLE = YES;
				IPHONEOS_DEPLOYMENT_TARGET = 10.3;
				MTL_ENABLE_DEBUG_INFO = NO;
				SDKROOT = iphoneos;
				SWIFT_OPTIMIZATION_LEVEL = "-Owholemodule";
				TARGETED_DEVICE_FAMILY = "1,2";
				VALIDATE_PRODUCT = YES;
			};
			name = Release;
		};
		6E4420F21F1E6B530053DFAD /* Debug */ = {
			isa = XCBuildConfiguration;
			buildSettings = {
				ASSETCATALOG_COMPILER_APPICON_NAME = AppIcon;
				INFOPLIST_FILE = Dialer/Info.plist;
				LD_RUNPATH_SEARCH_PATHS = "$(inherited) @executable_path/Frameworks";
				PRODUCT_BUNDLE_IDENTIFIER = com.boss.Dialer;
				PRODUCT_NAME = "$(TARGET_NAME)";
				SWIFT_VERSION = 3.0;
			};
			name = Debug;
		};
		6E4420F31F1E6B530053DFAD /* Release */ = {
			isa = XCBuildConfiguration;
			buildSettings = {
				ASSETCATALOG_COMPILER_APPICON_NAME = AppIcon;
				INFOPLIST_FILE = Dialer/Info.plist;
				LD_RUNPATH_SEARCH_PATHS = "$(inherited) @executable_path/Frameworks";
				PRODUCT_BUNDLE_IDENTIFIER = com.boss.Dialer;
				PRODUCT_NAME = "$(TARGET_NAME)";
				SWIFT_VERSION = 3.0;
			};
			name = Release;
		};
/* End XCBuildConfiguration section */

/* Begin XCConfigurationList section */
		6E4420DA1F1E6B520053DFAD /* Build configuration list for PBXProject "Dialer" */ = {
			isa = XCConfigurationList;
			buildConfigurations = (
				6E4420EF1F1E6B530053DFAD /* Debug */,
				6E4420F01F1E6B530053DFAD /* Release */,
			);
			defaultConfigurationIsVisible = 0;
			defaultConfigurationName = Release;
		};
		6E4420F11F1E6B530053DFAD /* Build configuration list for PBXNativeTarget "Dialer" */ = {
			isa = XCConfigurationList;
			buildConfigurations = (
				6E4420F21F1E6B530053DFAD /* Debug */,
				6E4420F31F1E6B530053DFAD /* Release */,
			);
			defaultConfigurationIsVisible = 0;
			defaultConfigurationName = Release;
		};
/* End XCConfigurationList section */
	};
	rootObject = 6E4420D71F1E6B520053DFAD /* Project object */;
}
